
Microsoft Visual Studio Solution File, Format Version 12.00
# Visual Studio Version 17
VisualStudioVersion = 17.2.32526.322
MinimumVisualStudioVersion = 10.0.40219.1
Project("{FAE04EC0-301F-11D3-BF4B-00C04F79EFBC}") = "A2_Final1744", "A2_Final1744\A2_Final1744.csproj", "{0E5496D5-069E-41C4-A21B-DB02D8934463}"
EndProject
Project("{FAE04EC0-301F-11D3-BF4B-00C04F79EFBC}") = "CircleTestCase", "CircleTestCase\CircleTestCase.csproj", "{062FA449-54F6-4BF5-9939-11BFEBF833F7}"
EndProject
Global
	GlobalSection(SolutionConfigurationPlatforms) = preSolution
		Debug|Any CPU = Debug|Any CPU
		Release|Any CPU = Release|Any CPU
	EndGlobalSection
	GlobalSection(ProjectConfigurationPlatforms) = postSolution
		{0E5496D5-069E-41C4-A21B-DB02D8934463}.Debug|Any CPU.ActiveCfg = Debug|Any CPU
		{0E5496D5-069E-41C4-A21B-DB02D8934463}.Debug|Any CPU.Build.0 = Debug|Any CPU
		{0E5496D5-069E-41C4-A21B-DB02D8934463}.Release|Any CPU.ActiveCfg = Release|Any CPU
		{0E5496D5-069E-41C4-A21B-DB02D8934463}.Release|Any CPU.Build.0 = Release|Any CPU
		{062FA449-54F6-4BF5-9939-11BFEBF833F7}.Debug|Any CPU.ActiveCfg = Debug|Any CPU
		{062FA449-54F6-4BF5-9939-11BFEBF833F7}.Debug|Any CPU.Build.0 = Debug|Any CPU
		{062FA449-54F6-4BF5-9939-11BFEBF833F7}.Release|Any CPU.ActiveCfg = Release|Any CPU
		{062FA449-54F6-4BF5-9939-11BFEBF833F7}.Release|Any CPU.Build.0 = Release|Any CPU
	EndGlobalSection
	GlobalSection(SolutionProperties) = preSolution
		HideSolutionNode = FALSE
	EndGlobalSection
	GlobalSection(ExtensibilityGlobals) = postSolution
		SolutionGuid = {91A6AF5B-0AB1-4379-8957-A6EFCB8919B5}
	EndGlobalSection
EndGlobal
